
Microsoft Visual Studio Solution File, Format Version 12.00
# Visual Studio Version 17
VisualStudioVersion = 17.14.36908.2 d17.14
MinimumVisualStudioVersion = 10.0.40219.1
Project("{FAE04EC0-301F-11D3-BF4B-00C04F79EFBC}") = "MyPersonalWebsiteMVC", "MyPersonalWebsiteMVC\MyPersonalWebsiteMVC.csproj", "{B1557615-4EA6-47A4-9706-4752ABBFB34F}"
EndProject
Global
	GlobalSection(SolutionConfigurationPlatforms) = preSolution
		Debug|Any CPU = Debug|Any CPU
		Release|Any CPU = Release|Any CPU
	EndGlobalSection
	GlobalSection(ProjectConfigurationPlatforms) = postSolution
		{B1557615-4EA6-47A4-9706-4752ABBFB34F}.Debug|Any CPU.ActiveCfg = Debug|Any CPU
		{B1557615-4EA6-47A4-9706-4752ABBFB34F}.Debug|Any CPU.Build.0 = Debug|Any CPU
		{B1557615-4EA6-47A4-9706-4752ABBFB34F}.Release|Any CPU.ActiveCfg = Release|Any CPU
		{B1557615-4EA6-47A4-9706-4752ABBFB34F}.Release|Any CPU.Build.0 = Release|Any CPU
	EndGlobalSection
	GlobalSection(SolutionProperties) = preSolution
		HideSolutionNode = FALSE
	EndGlobalSection
	GlobalSection(ExtensibilityGlobals) = postSolution
		SolutionGuid = {A6EA8259-3F47-44C0-A50B-08AADC1AB0D7}
	EndGlobalSection
EndGlobal
